
Microsoft Visual Studio Solution File, Format Version 12.00
Project("{F2A71F9B-5D33-465A-A702-920D77279786}") = "HW1", "HW1\HW1.fsproj", "{63EB975C-4C27-4D50-89E9-B41CC466FF73}"
EndProject
Project("{F2A71F9B-5D33-465A-A702-920D77279786}") = "Tests", "Tests\Tests.fsproj", "{243F1B34-94B7-4840-A1AA-D697988B4F99}"
EndProject
Global
	GlobalSection(SolutionConfigurationPlatforms) = preSolution
		Debug|Any CPU = Debug|Any CPU
		Release|Any CPU = Release|Any CPU
	EndGlobalSection
	GlobalSection(ProjectConfigurationPlatforms) = postSolution
		{63EB975C-4C27-4D50-89E9-B41CC466FF73}.Debug|Any CPU.ActiveCfg = Debug|Any CPU
		{63EB975C-4C27-4D50-89E9-B41CC466FF73}.Debug|Any CPU.Build.0 = Debug|Any CPU
		{63EB975C-4C27-4D50-89E9-B41CC466FF73}.Release|Any CPU.ActiveCfg = Release|Any CPU
		{63EB975C-4C27-4D50-89E9-B41CC466FF73}.Release|Any CPU.Build.0 = Release|Any CPU
		{243F1B34-94B7-4840-A1AA-D697988B4F99}.Debug|Any CPU.ActiveCfg = Debug|Any CPU
		{243F1B34-94B7-4840-A1AA-D697988B4F99}.Debug|Any CPU.Build.0 = Debug|Any CPU
		{243F1B34-94B7-4840-A1AA-D697988B4F99}.Release|Any CPU.ActiveCfg = Release|Any CPU
		{243F1B34-94B7-4840-A1AA-D697988B4F99}.Release|Any CPU.Build.0 = Release|Any CPU
	EndGlobalSection
EndGlobal
